schema: '2.0'
stages:
  preprocess:
    cmd: poetry run preprocess-images -d data/raw/seg_train/seg_train -o data/prepared/train
    deps:
    - path: data/raw/seg_train/seg_train
      hash: md5
      md5: 26ead25fdb2268128d40ade86d29e228.dir
      size: 212876095
      nfiles: 14034
    - path: intel_image_classification/preprocess_dataset.py
      hash: md5
      md5: bc466e35c2328aa458998fece677cbd6
      size: 2333
    outs:
    - path: data/prepared/train
      hash: md5
      md5: ba69f02e032ecb767866174c09bf8515.dir
      size: 48280766
      nfiles: 14034
